{
    "_meta": {
        "hash": {
            "sha256": "bc46e151ae3098e4c9c51b53fce0da734dc3f6eb11a32b6aef475e81f9980ff4"
        },
        "pipfile-spec": 6,
        "requires": {
            "python_version": "3.6"
        },
        "sources": [
            {
                "name": "pypi",
                "url": "https://pypi.org/simple",
                "verify_ssl": true
            }
        ]
    },
    "default": {
        "altgraph": {
            "hashes": [
                "sha256:1f05a47122542f97028caf78775a095fbe6a2699b5089de8477eb583167d69aa",
                "sha256:c623e5f3408ca61d4016f23a681b9adb100802ca3e3da5e718915a9e4052cebe"
            ],
            "version": "==0.17"
        },
        "certifi": {
            "hashes": [
                "sha256:017c25db2a153ce562900032d5bc68e9f191e44e9a0f762f373977de9df1fbb3",
                "sha256:25b64c7da4cd7479594d035c08c2d809eb4aab3a26e5a990ea98cc450c320f1f"
            ],
            "version": "==2019.11.28"
        },
        "chardet": {
            "hashes": [
                "sha256:84ab92ed1c4d4f16916e05906b6b75a6c0fb5db821cc65e70cbd64a3e2a5eaae",
                "sha256:fc323ffcaeaed0e0a02bf4d117757b98aed530d9ed4531e3e15460124c106691"
            ],
            "version": "==3.0.4"
        },
        "docutils": {
            "hashes": [
                "sha256:0c5b78adfbf7762415433f5515cd5c9e762339e23369dbe8000d84a4bf4ab3af",
                "sha256:c2de3a60e9e7d07be26b7f2b00ca0309c207e06c100f9cc2a94931fc75a478fc"
            ],
            "version": "==0.16"
        },
        "ffpyplayer": {
            "hashes": [
                "sha256:08c516f62cce0da010a45c32d1ce3c5816500d91b083a77c08e7eadddfe4f25a",
                "sha256:17bdfd39573e649d3976006340634ed27c2312fa483d4166d68c85ed85f5ee96",
                "sha256:206c45660a553263d51f8a6abe679ba2966cee4979fdfc25e7385812f3e990fa",
                "sha256:4038e5adaac6bf0a902bcd6abdb27cbc4350b0405c238c31460825145bba840e",
                "sha256:57ce03db15c5bda150340f1f5df59b3b2a7ab92c11fc50252d9b0ba35010bdc4",
                "sha256:5c25ad57ef3ea54884bb00534757b966140ba516217ba518d52ccdff4c3398e6",
                "sha256:72ea1b0f31ebdeaeaebbcc56e52e8fd16a6d4facdacadf8c9b30ca56b2b9abcb",
                "sha256:73081d8646de3281d44b4c1a2d627b9a4e3e0237530e5d77f5dcc85b47286c4d",
                "sha256:95a34f60efc48fe2d3f08277d01559f4b1c6e1b2bc8dad14f2ce34191193f6c5",
                "sha256:9e5e3a11df8f07b171384137707fd26df81bedd1762ebd8f43f002d80d8e6176",
                "sha256:a3ba52c29cd5278dc2268fb67300fee830f5ceee02940b92e7a3e6a4cb350131",
                "sha256:d63ca5174722155d2bad273351262d0a894c2a67c9945ac93e974fb9fbf63392",
                "sha256:db21a1bd0f384ae544d2f12f16521c0fea5c355e965c703aed23a58fd225c9cf",
                "sha256:dcfce97f57793005b8b15799de96db205780d90856c6ae2c6aba3a89b2591c9a"
            ],
            "index": "pypi",
            "version": "==4.3.1"
        },
        "future": {
            "hashes": [
                "sha256:b1bead90b70cf6ec3f0710ae53a525360fa360d306a86583adc6bf83a4db537d"
            ],
            "version": "==0.18.2"
        },
        "idna": {
            "hashes": [
                "sha256:7588d1c14ae4c77d74036e8c22ff447b26d0fde8f007354fd48a7814db15b7cb",
                "sha256:a068a21ceac8a4d63dbfd964670474107f541babbd2250d61922f029858365fa"
            ],
            "version": "==2.9"
        },
        "kivy": {
            "hashes": [
                "sha256:090d3ded9835a17477cd93fbdaf0a7c42ff2218981cf198ded5ad8795bc74391",
                "sha256:11e85eaf6efbfa2362a3334ffdad179a1b0ca8d255cca79eaa6a2765560d4982",
                "sha256:1a1ff32f8a95f1e175198cbab81fcd2596783b180d4eafe63e87d171aa7fdb5e",
                "sha256:1d28b198a64c30db8d94a0488e85f3037af60d514ab0d7ad5ab45add3ab77090",
                "sha256:4a5480cbf837d3780c77a4f61b32b56d22ae9f03845e7a89dd3eaef1ae5fd037",
                "sha256:4d0e596f74271e901b551f77661dde238df4765484fce9f5d1c72e8022984e84",
                "sha256:5c3d0f2749522d62e9cce09cd54b2d823bf1b6b644ff1f627be49de6f3e3cba0",
                "sha256:815a5c0b3b72fcd81ca7b2aa0744087163ed03e4cf9ab4e7c9733cea99fc1571",
                "sha256:8819a27a09871af451760cb69486ced52e830c8a0a37480f22ef5e692f12c05b",
                "sha256:a687602d90c4629dd036f577ca39acb76ba581370f9d915f3cab99be818ba8ad",
                "sha256:b7ef6aad43a86d8df3fb865db864e354f2155a748019f8517f69f65c1a29cb64",
                "sha256:b85ccf165050cbf2ee8447671eebbc222b369b40f0e0038dd9547d49a5e37373",
                "sha256:c36652caa7f6c327dee834cfc699d5962d346b7a53e54bd81abc17c314226d89",
                "sha256:ece170514db3f49844a41e4c910ad9ce9bc46da6f47a49158e11266bdcc6e479",
                "sha256:f3bea6e4a21991827885d04127fc6d09a0e974ecfa12da7bf5faae93562ea102",
                "sha256:f835462dd9aa491272552ef079b948a088598e2e95d68bb1d885d2c3f3d4e2c3"
            ],
            "index": "pypi",
            "version": "==1.11.1"
        },
        "kivy-deps-glew": {
            "hashes": [
                "sha256:285c50d706ae94090f96724cc72b47cf89dfdf249057405c2260991caaeb0d64",
                "sha256:39bc81b68aa9c3c051472624d5e9cf57e5b8cedcafc3f4d2edc5b26708742a9e",
                "sha256:5012c02bce7fa8e59c053b92acb3ea01e0db5790a617fb5985e67cf8a6be28b8",
                "sha256:738a222f16b032b5ccd4c686fc51e678d95e4c1f13c57f32233d3cb8aa2f34bf",
                "sha256:7fdfa95e3fe6fbcb7efc3e1d32680856a6e72c6399bc5dd76c2e7609b2e9bf58",
                "sha256:a6f3230927c776a490bc5c0675265d9fe59a8afde2e7f1f5bb0a6a4c05a49738"
            ],
            "index": "pypi",
            "version": "==0.2.0"
        },
        "kivy-deps-sdl2": {
            "hashes": [
                "sha256:182ba8686ba7d589d394c3fe07aba7d7187dc17846c118c27ce05aa6a3e9e7cb",
                "sha256:34f193da774535c7b1f377d5bf220751491eb479f4b0e2cf4b068419295473cc",
                "sha256:86671b769dddf8e7b1ad82773a01a724ff62742bffe4fa8f238d87b4d5f2a0b6",
                "sha256:b7e2648e85a43eb25ea61a4cdc9304a3855a8d36d76939b6968efeb81e853b83",
                "sha256:c2e1721aac0709f21835c8dd4aec5adea2d58e5df92005585f94d13bed2a2e06",
                "sha256:f6c5fff4c1ebb75144e700cfae9fa79ad3b752a14761efe6996031b67d845298"
            ],
            "index": "pypi",
            "version": "==0.2.0"
        },
        "kivy-garden": {
            "hashes": [
                "sha256:c256f42788421273a08fbb0a228f0fb0e80dd86b629fb8c0920507f645be6c72"
            ],
            "version": "==0.1.4"
        },
        "pefile": {
            "hashes": [
                "sha256:a5d6e8305c6b210849b47a6174ddf9c452b2888340b8177874b862ba6c207645"
            ],
            "version": "==2019.4.18"
        },
        "pygments": {
            "hashes": [
                "sha256:2a3fe295e54a20164a9df49c75fa58526d3be48e14aceba6d6b1e8ac0bfd6f1b",
                "sha256:98c8aa5a9f778fcd1026a17361ddaf7330d1b7c62ae97c3bb0ae73e0b9b6b0fe"
            ],
            "version": "==2.5.2"
        },
        "pyinstaller": {
            "hashes": [
                "sha256:3730fa80d088f8bb7084d32480eb87cbb4ddb64123363763cf8f2a1378c1c4b7"
            ],
            "index": "pypi",
            "version": "==3.6"
        },
        "pywin32-ctypes": {
            "hashes": [
                "sha256:24ffc3b341d457d48e8922352130cf2644024a4ff09762a2261fd34c36ee5942",
                "sha256:9dc2d991b3479cc2df15930958b674a48a227d5361d413827a4cfd0b5876fc98"
            ],
            "version": "==0.2.0"
        },
        "requests": {
            "hashes": [
                "sha256:43999036bfa82904b6af1d99e4882b560e5e2c68e5c4b0aa03b655f3d7d73fee",
                "sha256:b3f43d496c6daba4493e7c431722aeb7dbc6288f52a6e04e7b6023b0247817e6"
            ],
            "index": "pypi",
            "version": "==2.23.0"
        },
        "urllib3": {
            "hashes": [
                "sha256:2f3db8b19923a873b3e5256dc9c2dedfa883e33d87c690d9c7913e1f40673cdc",
                "sha256:87716c2d2a7121198ebcb7ce7cccf6ce5e9ba539041cfbaeecfb641dc0bf6acc"
            ],
            "version": "==1.25.8"
        }
    },
    "develop": {}
}
