{
    "_meta": {
        "hash": {
            "sha256": "722c7e3ce24728e43bb2c88ff6768004c4321f9b00ce80b0263b0c7d97592836"
        },
        "pipfile-spec": 6,
        "requires": {
            "python_version": "3"
        },
        "sources": [
            {
                "name": "pypi",
                "url": "https://pypi.org/simple",
                "verify_ssl": true
            }
        ]
    },
    "default": {
        "altgraph": {
            "hashes": [
                "sha256:1f05a47122542f97028caf78775a095fbe6a2699b5089de8477eb583167d69aa",
                "sha256:c623e5f3408ca61d4016f23a681b9adb100802ca3e3da5e718915a9e4052cebe"
            ],
            "version": "==0.17"
        },
        "certifi": {
            "hashes": [
                "sha256:2bbf76fd432960138b3ef6dda3dde0544f27cbf8546c458e60baf371917ba9ee",
                "sha256:50b1e4f8446b06f41be7dd6338db18e0990601dce795c2b1686458aa7e8fa7d8"
            ],
            "version": "==2021.5.30"
        },
        "chardet": {
            "hashes": [
                "sha256:0d6f53a15db4120f2b08c94f11e7d93d2c911ee118b6b30a04ec3ee8310179fa",
                "sha256:f864054d66fd9118f2e67044ac8981a54775ec5b67aed0441892edb553d21da5"
            ],
            "version": "==4.0.0"
        },
        "docutils": {
            "hashes": [
                "sha256:686577d2e4c32380bb50cbb22f575ed742d58168cee37e99117a854bcd88f125",
                "sha256:cf316c8370a737a022b72b56874f6602acf974a37a9fba42ec2876387549fc61"
            ],
            "version": "==0.17.1"
        },
        "idna": {
            "hashes": [
                "sha256:b307872f855b18632ce0c21c5e45be78c0ea7ae4c15c828c20788b26921eb3f6",
                "sha256:b97d804b1e9b523befed77c48dacec60e6dcb0b5391d57af6a65a312a90648c0"
            ],
            "version": "==2.10"
        },
        "kivy": {
            "extras": [
                "base"
            ],
            "hashes": [
                "sha256:23a7538f9c02e5d7f82f0b92d7fd313fa21ee8f0bd9890283fc7e7b02090f101",
                "sha256:256846daa1a35b54b00426f7468423a962c3d8f909d7e8c713acab55c3281dee",
                "sha256:3e739c04d3a2f38cb76779d721487131cff8ed84dbc1730d5025d62306bf6e52",
                "sha256:5bd7dba6b0bc1f71623fa734fd63e38038772336995a334718cf8474a877eb40",
                "sha256:7d736474c8075d6ee17203bd5bd42d74307239409442b27d5bcb3f3641ab0414",
                "sha256:802982bbc7ff45bc2fa8af3816008252a3e63ded949a9f5ed6d361ecb3cfc2b7",
                "sha256:86cf1f0e40ef411872c9dbc75fc1e17ec6579d1e55cafe286da6c67c07dba4cb",
                "sha256:8973ed9f0cb0d9ef0f3a520841c61c0093788a7382e8ebe7c108ec03766d9fef",
                "sha256:98ed5f46f05707a80e32a4fdd7e9fce4ac5f15da8fc83f91d5769dc66f137e20",
                "sha256:a4a693d6d1fc26928498512b9da797581e407543a644b4e0c92b9297ea2fbec9",
                "sha256:aae542f2c030d4d95f5a717b7c862cd9537b74b99010b08807db63fdd9b029e0",
                "sha256:bfb6b801599eac5aa9388308119d42a637a495945c79e2e2a3f6ef60c563c770",
                "sha256:d25e44eb44e43762b2fd0c5874e51954e0f1181fd9800d8a6756be6d084812d8",
                "sha256:eb1cc4c1e223e290d413a383ac864d29d098b8abba8e881159c7d1177c6579af",
                "sha256:eca7bde37a2cffffdcdde85ac385c2e55d776333db00be0497bf884f61022d24",
                "sha256:ed1c3076d9ef1171f6076b3b97215e5c0bcea831ca308722677611a551f16b1b",
                "sha256:ef3727a47a565e6ea486365ee310bfb0445fcf7f0ab40c1461cbf304973637eb"
            ],
            "index": "pypi",
            "version": "==2.0.0"
        },
        "kivy-deps-glew": {
            "hashes": [
                "sha256:28aa195875a767314b12091842bdcf832401077f9e65dd9975059ddb978f2f75",
                "sha256:3e6f3376ea65b3ced19f07c63f831aa8d3028fac6970d01b400b031fbb8bbe4d",
                "sha256:4166c62999ed8a68036540bf154e25cc92ec1563fe78111926238f59b44a9af3",
                "sha256:5a63e3dd0affef2613410fe5b9b8572f1932ae2285db60071446d62f37961825",
                "sha256:6c941f321fa8fd34083054f74b9a810bc2a1f3e2560e4fa3df31995c9971f94a",
                "sha256:a57fece21c313c90c0f51a0c2b3e172a2f807bee867e0e5fad1cc014213a3543",
                "sha256:a79cc62489b1fc8dbe62aab7482865c670e1e781ec9b3f0d93f5bc87423af435",
                "sha256:f836e249970b2e1fc0a0d1bd3716892165ee5180214c071c0f804a934c363396"
            ],
            "index": "pypi",
            "markers": "sys_platform == 'win32'",
            "version": "==0.3.0"
        },
        "kivy-deps-sdl2": {
            "hashes": [
                "sha256:0eb620812b60c7cba067b2c4770a2a8a633b18064dc7b777fe887b881e1990c4",
                "sha256:1004b694ca048d3d4d8100e8e521b54a80bb6ac39c534d6918896731fb631a9a",
                "sha256:14edd9043a1145afedba5eb6225cd7e8a1f5724f2ead05b10db7e1e1686ae353",
                "sha256:55946dc99c02a02fca1843407c5a67e3e20ca4d67ec2378da8f71897bf48f05c",
                "sha256:593b5564c332fa92553a6e0599e39c3d95ea6ec923f9e070f0e0aa5ce8068bf9",
                "sha256:9817003d1643b84ba7e26dd8313c6715cb439293e35f3496af014f1a3a242bb5",
                "sha256:af4e450037bc8b8edb6a902861f49244ce687e679fa5aa681433d26b47ab216a",
                "sha256:f3cd7cdc5634186fd45a66c34aec3dc1be28811b52c250b3094778bf67f1b019"
            ],
            "index": "pypi",
            "markers": "sys_platform == 'win32'",
            "version": "==0.4.2"
        },
        "kivy-garden": {
            "hashes": [
                "sha256:c256f42788421273a08fbb0a228f0fb0e80dd86b629fb8c0920507f645be6c72"
            ],
            "version": "==0.1.4"
        },
        "pillow": {
            "hashes": [
                "sha256:01425106e4e8cee195a411f729cff2a7d61813b0b11737c12bd5991f5f14bcd5",
                "sha256:031a6c88c77d08aab84fecc05c3cde8414cd6f8406f4d2b16fed1e97634cc8a4",
                "sha256:083781abd261bdabf090ad07bb69f8f5599943ddb539d64497ed021b2a67e5a9",
                "sha256:0d19d70ee7c2ba97631bae1e7d4725cdb2ecf238178096e8c82ee481e189168a",
                "sha256:0e04d61f0064b545b989126197930807c86bcbd4534d39168f4aa5fda39bb8f9",
                "sha256:12e5e7471f9b637762453da74e390e56cc43e486a88289995c1f4c1dc0bfe727",
                "sha256:22fd0f42ad15dfdde6c581347eaa4adb9a6fc4b865f90b23378aa7914895e120",
                "sha256:238c197fc275b475e87c1453b05b467d2d02c2915fdfdd4af126145ff2e4610c",
                "sha256:3b570f84a6161cf8865c4e08adf629441f56e32f180f7aa4ccbd2e0a5a02cba2",
                "sha256:463822e2f0d81459e113372a168f2ff59723e78528f91f0bd25680ac185cf797",
                "sha256:4d98abdd6b1e3bf1a1cbb14c3895226816e666749ac040c4e2554231068c639b",
                "sha256:5afe6b237a0b81bd54b53f835a153770802f164c5570bab5e005aad693dab87f",
                "sha256:5b70110acb39f3aff6b74cf09bb4169b167e2660dabc304c1e25b6555fa781ef",
                "sha256:5cbf3e3b1014dddc45496e8cf38b9f099c95a326275885199f427825c6522232",
                "sha256:624b977355cde8b065f6d51b98497d6cd5fbdd4f36405f7a8790e3376125e2bb",
                "sha256:63728564c1410d99e6d1ae8e3b810fe012bc440952168af0a2877e8ff5ab96b9",
                "sha256:66cc56579fd91f517290ab02c51e3a80f581aba45fd924fcdee01fa06e635812",
                "sha256:6c32cc3145928c4305d142ebec682419a6c0a8ce9e33db900027ddca1ec39178",
                "sha256:8b56553c0345ad6dcb2e9b433ae47d67f95fc23fe28a0bde15a120f25257e291",
                "sha256:8bb1e155a74e1bfbacd84555ea62fa21c58e0b4e7e6b20e4447b8d07990ac78b",
                "sha256:95d5ef984eff897850f3a83883363da64aae1000e79cb3c321915468e8c6add5",
                "sha256:a013cbe25d20c2e0c4e85a9daf438f85121a4d0344ddc76e33fd7e3965d9af4b",
                "sha256:a787ab10d7bb5494e5f76536ac460741788f1fbce851068d73a87ca7c35fc3e1",
                "sha256:a7d5e9fad90eff8f6f6106d3b98b553a88b6f976e51fce287192a5d2d5363713",
                "sha256:aac00e4bc94d1b7813fe882c28990c1bc2f9d0e1aa765a5f2b516e8a6a16a9e4",
                "sha256:b91c36492a4bbb1ee855b7d16fe51379e5f96b85692dc8210831fbb24c43e484",
                "sha256:c03c07ed32c5324939b19e36ae5f75c660c81461e312a41aea30acdd46f93a7c",
                "sha256:c5236606e8570542ed424849f7852a0ff0bce2c4c8d0ba05cc202a5a9c97dee9",
                "sha256:c6b39294464b03457f9064e98c124e09008b35a62e3189d3513e5148611c9388",
                "sha256:cb7a09e173903541fa888ba010c345893cd9fc1b5891aaf060f6ca77b6a3722d",
                "sha256:d68cb92c408261f806b15923834203f024110a2e2872ecb0bd2a110f89d3c602",
                "sha256:dc38f57d8f20f06dd7c3161c59ca2c86893632623f33a42d592f097b00f720a9",
                "sha256:e98eca29a05913e82177b3ba3d198b1728e164869c613d76d0de4bde6768a50e",
                "sha256:f217c3954ce5fd88303fc0c317af55d5e0204106d86dea17eb8205700d47dec2"
            ],
            "version": "==8.2.0"
        },
        "pygments": {
            "hashes": [
                "sha256:a18f47b506a429f6f4b9df81bb02beab9ca21d0a5fee38ed15aef65f0545519f",
                "sha256:d66e804411278594d764fc69ec36ec13d9ae9147193a1740cd34d272ca383b8e"
            ],
            "version": "==2.9.0"
        },
        "pyinstaller": {
            "hashes": [
                "sha256:5ecf8bbc230d7298a796e52bb745b95eee12878d141f1645612c99246ecd23f2"
            ],
            "index": "pypi",
            "version": "==4.3"
        },
        "pyinstaller-hooks-contrib": {
            "hashes": [
                "sha256:27558072021857d89524c42136feaa2ffe4f003f1bdf0278f9b24f6902c1759c",
                "sha256:892310e6363655838485ee748bf1c5e5cade7963686d9af8650ee218a3e0b031"
            ],
            "version": "==2021.1"
        },
        "requests": {
            "hashes": [
                "sha256:27973dd4a904a4f13b263a19c866c13b92a39ed1c964655f025f3f8d3d75b804",
                "sha256:c210084e36a42ae6b9219e00e48287def368a26d03a048ddad7bfee44f75871e"
            ],
            "index": "pypi",
            "version": "==2.25.1"
        },
        "urllib3": {
            "hashes": [
                "sha256:753a0374df26658f99d826cfe40394a686d05985786d946fbe4165b5148f5a7c",
                "sha256:a7acd0977125325f516bda9735fa7142b909a8d01e8b2e4c8108d0984e6e0098"
            ],
            "index": "pypi",
            "version": "==1.26.5"
        }
    },
    "develop": {}
}
